
Microsoft Visual Studio Solution File, Format Version 12.00
# Visual Studio 2012
Project("{FAE04EC0-301F-11D3-BF4B-00C04F79EFBC}") = "CastleWindsorInWCF", "CastleWindsorInWCF\CastleWindsorInWCF.csproj", "{823CB781-4265-49E8-9E1E-C86B6E801223}"
EndProject
Project("{FAE04EC0-301F-11D3-BF4B-00C04F79EFBC}") = "MvcApplication1", "MvcApplication1\MvcApplication1.csproj", "{5AA277F4-2B53-4D89-AC43-5DA62069838E}"
	ProjectSection(ProjectDependencies) = postProject
		{823CB781-4265-49E8-9E1E-C86B6E801223} = {823CB781-4265-49E8-9E1E-C86B6E801223}
	EndProjectSection
EndProject
Project("{FAE04EC0-301F-11D3-BF4B-00C04F79EFBC}") = "WCFServiceComponent", "WCFServiceComponent\WCFServiceComponent.csproj", "{15B3E0D2-6217-493A-A690-158C497F5318}"
EndProject
Project("{FAE04EC0-301F-11D3-BF4B-00C04F79EFBC}") = "AnimalLibrary", "AnimalLibrary\AnimalLibrary.csproj", "{712967C7-3EE3-4F1B-91D4-9C6DD3D55BBB}"
EndProject
Global
	GlobalSection(SolutionConfigurationPlatforms) = preSolution
		Debug|Any CPU = Debug|Any CPU
		Release|Any CPU = Release|Any CPU
	EndGlobalSection
	GlobalSection(ProjectConfigurationPlatforms) = postSolution
		{823CB781-4265-49E8-9E1E-C86B6E801223}.Debug|Any CPU.ActiveCfg = Debug|Any CPU
		{823CB781-4265-49E8-9E1E-C86B6E801223}.Debug|Any CPU.Build.0 = Debug|Any CPU
		{823CB781-4265-49E8-9E1E-C86B6E801223}.Release|Any CPU.ActiveCfg = Release|Any CPU
		{823CB781-4265-49E8-9E1E-C86B6E801223}.Release|Any CPU.Build.0 = Release|Any CPU
		{5AA277F4-2B53-4D89-AC43-5DA62069838E}.Debug|Any CPU.ActiveCfg = Debug|Any CPU
		{5AA277F4-2B53-4D89-AC43-5DA62069838E}.Debug|Any CPU.Build.0 = Debug|Any CPU
		{5AA277F4-2B53-4D89-AC43-5DA62069838E}.Release|Any CPU.ActiveCfg = Release|Any CPU
		{5AA277F4-2B53-4D89-AC43-5DA62069838E}.Release|Any CPU.Build.0 = Release|Any CPU
		{15B3E0D2-6217-493A-A690-158C497F5318}.Debug|Any CPU.ActiveCfg = Debug|Any CPU
		{15B3E0D2-6217-493A-A690-158C497F5318}.Debug|Any CPU.Build.0 = Debug|Any CPU
		{15B3E0D2-6217-493A-A690-158C497F5318}.Release|Any CPU.ActiveCfg = Release|Any CPU
		{15B3E0D2-6217-493A-A690-158C497F5318}.Release|Any CPU.Build.0 = Release|Any CPU
		{712967C7-3EE3-4F1B-91D4-9C6DD3D55BBB}.Debug|Any CPU.ActiveCfg = Debug|Any CPU
		{712967C7-3EE3-4F1B-91D4-9C6DD3D55BBB}.Debug|Any CPU.Build.0 = Debug|Any CPU
		{712967C7-3EE3-4F1B-91D4-9C6DD3D55BBB}.Release|Any CPU.ActiveCfg = Release|Any CPU
		{712967C7-3EE3-4F1B-91D4-9C6DD3D55BBB}.Release|Any CPU.Build.0 = Release|Any CPU
	EndGlobalSection
	GlobalSection(SolutionProperties) = preSolution
		HideSolutionNode = FALSE
	EndGlobalSection
EndGlobal
